{
  "nodes": {
    "emacs-overlay": {
      "inputs": {
        "flake-utils": "flake-utils",
        "nixpkgs": [
          "nixpkgs"
        ]
      },
      "locked": {
        "lastModified": 1684089827,
        "narHash": "sha256-iER4w9aU/qLJVsmk8eU2aVS9yZ9dizvUWVY+j3OtX3U=",
        "owner": "nix-community",
        "repo": "emacs-overlay",
        "rev": "fabfebd7b94348ff179d630d192da5c62429a68d",
        "type": "github"
      },
      "original": {
        "owner": "nix-community",
        "repo": "emacs-overlay",
        "type": "github"
      }
    },
    "ffmpeg-patch": {
      "flake": false,
      "locked": {
        "lastModified": 1644137548,
        "narHash": "sha256-ANyq+YmCnsOcoMUvaaYpPIEDr7pjXsjWUuH/s0hbUM0=",
        "owner": "yt-dlp",
        "repo": "FFmpeg-Builds",
        "rev": "d1b456152d2618cf9266ec5ca84ed8b110acb423",
        "type": "github"
      },
      "original": {
        "owner": "yt-dlp",
        "repo": "FFmpeg-Builds",
        "rev": "d1b456152d2618cf9266ec5ca84ed8b110acb423",
        "type": "github"
      }
    },
    "flake-utils": {
      "locked": {
        "lastModified": 1667395993,
        "narHash": "sha256-nuEHfE/LcWyuSWnS8t12N1wc105Qtau+/OdUAjtQ0rA=",
        "owner": "numtide",
        "repo": "flake-utils",
        "rev": "5aed5285a952e0b949eb3ba02c12fa4fcfef535f",
        "type": "github"
      },
      "original": {
        "owner": "numtide",
        "repo": "flake-utils",
        "type": "github"
      }
    },
    "home-manager": {
      "inputs": {
        "nixpkgs": [
          "nixpkgs"
        ],
        "utils": "utils"
      },
      "locked": {
        "lastModified": 1681092193,
        "narHash": "sha256-JerCqqOqbT2tBnXQW4EqwFl0hHnuZp21rIQ6lu/N4rI=",
        "owner": "nix-community",
        "repo": "home-manager",
        "rev": "f9edbedaf015013eb35f8caacbe0c9666bbc16af",
        "type": "github"
      },
      "original": {
        "owner": "nix-community",
        "ref": "release-22.11",
        "repo": "home-manager",
        "type": "github"
      }
    },
    "invidious": {
      "flake": false,
      "locked": {
        "lastModified": 1684091050,
        "narHash": "sha256-o27jXhp2frjPwberO9wPjHNMw2VaKTFmtIOKiprLl9U=",
        "ref": "refs/heads/master",
        "rev": "3a54e9556b0cd28fd224db5801f8141a68108c13",
        "revCount": 4490,
        "submodules": true,
        "type": "git",
        "url": "git+ssh://git@github.com/iv-org/invidious.git"
      },
      "original": {
        "submodules": true,
        "type": "git",
        "url": "git+ssh://git@github.com/iv-org/invidious.git"
      }
    },
    "nixos-hardware": {
      "locked": {
        "lastModified": 1683965003,
        "narHash": "sha256-DrzSdOnLv/yFBvS2FqmwBA2xIbN/Lny/WlxHyoLR9zE=",
        "owner": "NixOS",
        "repo": "nixos-hardware",
        "rev": "81cd886719e10d4822b2a6caa96e95d56cc915ef",
        "type": "github"
      },
      "original": {
        "owner": "NixOS",
        "ref": "master",
        "repo": "nixos-hardware",
        "type": "github"
      }
    },
    "nixpkgs": {
      "locked": {
        "lastModified": 1683928319,
        "narHash": "sha256-maz0DRKixJVcNRMiAMWlJniiF8IuQ+WbfmlJJ8D+jfM=",
        "owner": "NixOS",
        "repo": "nixpkgs",
        "rev": "9656e85a15a0fe67847ee8cdb99a20d8df499962",
        "type": "github"
      },
      "original": {
        "owner": "NixOS",
        "ref": "nixos-22.11",
        "repo": "nixpkgs",
        "type": "github"
      }
    },
    "root": {
      "inputs": {
        "emacs-overlay": "emacs-overlay",
        "ffmpeg-patch": "ffmpeg-patch",
        "home-manager": "home-manager",
        "invidious": "invidious",
        "nixos-hardware": "nixos-hardware",
        "nixpkgs": "nixpkgs",
        "small": "small",
        "tdlib": "tdlib",
        "unstable": "unstable"
      }
    },
    "small": {
      "locked": {
        "lastModified": 1684100472,
        "narHash": "sha256-Pz3otsC2QM3c86gMeZnnR30mLFZGltv20oWGNCE2hFo=",
        "owner": "NixOS",
        "repo": "nixpkgs",
        "rev": "f704732fbcea14d92b2551573d54f88f9fcd3d9e",
        "type": "github"
      },
      "original": {
        "owner": "NixOS",
        "ref": "nixos-22.11-small",
        "repo": "nixpkgs",
        "type": "github"
      }
    },
    "tdlib": {
      "flake": false,
      "locked": {
        "lastModified": 1679907932,
        "narHash": "sha256-d7G7T3iOe7XwD8BZpL61dcWfFFfyQ2Za3596TuAvg0A=",
        "owner": "tdlib",
        "repo": "td",
        "rev": "c95598e5e1493881d31211c1329bdbe4630f6136",
        "type": "github"
      },
      "original": {
        "owner": "tdlib",
        "repo": "td",
        "rev": "c95598e5e1493881d31211c1329bdbe4630f6136",
        "type": "github"
      }
    },
    "unstable": {
      "locked": {
        "lastModified": 1684049129,
        "narHash": "sha256-7WB9LpnPNAS8oI7hMoHeKLNhRX7k3CI9uWBRSfmOCCE=",
        "owner": "NixOS",
        "repo": "nixpkgs",
        "rev": "0470f36b02ef01d4f43c641bbf07020bcab71bf1",
        "type": "github"
      },
      "original": {
        "owner": "NixOS",
        "ref": "nixos-unstable",
        "repo": "nixpkgs",
        "type": "github"
      }
    },
    "utils": {
      "locked": {
        "lastModified": 1667395993,
        "narHash": "sha256-nuEHfE/LcWyuSWnS8t12N1wc105Qtau+/OdUAjtQ0rA=",
        "owner": "numtide",
        "repo": "flake-utils",
        "rev": "5aed5285a952e0b949eb3ba02c12fa4fcfef535f",
        "type": "github"
      },
      "original": {
        "owner": "numtide",
        "repo": "flake-utils",
        "type": "github"
      }
    }
  },
  "root": "root",
  "version": 7
}
