{
  "nodes": {
    "emacs-overlay": {
      "inputs": {
        "flake-utils": [
          "emacspkg",
          "flake-utils"
        ],
        "nixpkgs": [
          "emacspkg",
          "nixpkgs"
        ],
        "nixpkgs-stable": [
          "emacspkg",
          "nixpkgs"
        ]
      },
      "locked": {
        "lastModified": 1706691967,
        "narHash": "sha256-ADKh/Vss8ITblcLDl/LUM6GqJOahBktu4EXzhv7Uxbs=",
        "owner": "nix-community",
        "repo": "emacs-overlay",
        "rev": "2d69eefbcadbac97bda477477cd53c0ef815f436",
        "type": "github"
      },
      "original": {
        "owner": "nix-community",
        "repo": "emacs-overlay",
        "type": "github"
      }
    },
    "emacspkg": {
      "inputs": {
        "emacs-overlay": "emacs-overlay",
        "flake-utils": "flake-utils",
        "nixpkgs": [
          "nixpkgs"
        ],
        "tdlib": "tdlib"
      },
      "locked": {
        "lastModified": 1706702298,
        "narHash": "sha256-B1yEa0I20DYi43e2Y+j0W5SmonTZ/LfWAe7Up20BN7A=",
        "type": "tarball",
        "url": "https://codeberg.org/mian/emacs-config/archive/master.tar.gz"
      },
      "original": {
        "type": "tarball",
        "url": "https://codeberg.org/mian/emacs-config/archive/master.tar.gz"
      }
    },
    "flake-utils": {
      "inputs": {
        "systems": "systems"
      },
      "locked": {
        "lastModified": 1705309234,
        "narHash": "sha256-uNRRNRKmJyCRC/8y1RqBkqWBLM034y4qN7EprSdmgyA=",
        "owner": "numtide",
        "repo": "flake-utils",
        "rev": "1ef2e671c3b0c19053962c07dbda38332dcebf26",
        "type": "github"
      },
      "original": {
        "owner": "numtide",
        "repo": "flake-utils",
        "type": "github"
      }
    },
    "home-manager": {
      "inputs": {
        "nixpkgs": [
          "nixpkgs"
        ]
      },
      "locked": {
        "lastModified": 1705659542,
        "narHash": "sha256-WA3xVfAk1AYmFdwghT7mt/erYpsU6JPu9mdTEP/e9HQ=",
        "owner": "nix-community",
        "repo": "home-manager",
        "rev": "10cd9c53115061aa6a0a90aad0b0dde6a999cdb9",
        "type": "github"
      },
      "original": {
        "owner": "nix-community",
        "ref": "release-23.11",
        "repo": "home-manager",
        "type": "github"
      }
    },
    "nixos-hardware": {
      "locked": {
        "lastModified": 1706767243,
        "narHash": "sha256-0Am7wcB4Tt4t6IZLRWv9fivfgyKmVoMczigoetKeuiQ=",
        "owner": "NixOS",
        "repo": "nixos-hardware",
        "rev": "42d7e506777436d5e98ca02bd4a5f2da451cf485",
        "type": "github"
      },
      "original": {
        "owner": "NixOS",
        "ref": "master",
        "repo": "nixos-hardware",
        "type": "github"
      }
    },
    "nixpkgs": {
      "locked": {
        "lastModified": 1706515015,
        "narHash": "sha256-eFfY5A7wlYy3jD/75lx6IJRueg4noE+jowl0a8lIlVo=",
        "owner": "NixOS",
        "repo": "nixpkgs",
        "rev": "f4a8d6d5324c327dcc2d863eb7f3cc06ad630df4",
        "type": "github"
      },
      "original": {
        "owner": "NixOS",
        "ref": "nixos-23.11",
        "repo": "nixpkgs",
        "type": "github"
      }
    },
    "root": {
      "inputs": {
        "emacspkg": "emacspkg",
        "home-manager": "home-manager",
        "nixos-hardware": "nixos-hardware",
        "nixpkgs": "nixpkgs",
        "small": "small",
        "unstable": "unstable"
      }
    },
    "small": {
      "locked": {
        "lastModified": 1706721563,
        "narHash": "sha256-XgSNQqVeqS6ycGksKhpFHC2pWdSwwImb7cyllQ/YWBU=",
        "owner": "NixOS",
        "repo": "nixpkgs",
        "rev": "c9c08df33312756fb3acc118163438ddaf95eed1",
        "type": "github"
      },
      "original": {
        "owner": "NixOS",
        "ref": "nixos-23.11-small",
        "repo": "nixpkgs",
        "type": "github"
      }
    },
    "systems": {
      "locked": {
        "lastModified": 1681028828,
        "narHash": "sha256-Vy1rq5AaRuLzOxct8nz4T6wlgyUR7zLU309k9mBC768=",
        "owner": "nix-systems",
        "repo": "default",
        "rev": "da67096a3b9bf56a91d16901293e51ba5b49a27e",
        "type": "github"
      },
      "original": {
        "owner": "nix-systems",
        "repo": "default",
        "type": "github"
      }
    },
    "tdlib": {
      "flake": false,
      "locked": {
        "lastModified": 1706532537,
        "narHash": "sha256-/le9T/YAsda83HsPx8e2uBeEWaA2gPda8SczL84T++g=",
        "owner": "tdlib",
        "repo": "td",
        "rev": "437c2d0c6e0ad104022d5ad86ddc8aedc41cb7a8",
        "type": "github"
      },
      "original": {
        "owner": "tdlib",
        "repo": "td",
        "rev": "437c2d0c6e0ad104022d5ad86ddc8aedc41cb7a8",
        "type": "github"
      }
    },
    "unstable": {
      "locked": {
        "lastModified": 1706515015,
        "narHash": "sha256-eFfY5A7wlYy3jD/75lx6IJRueg4noE+jowl0a8lIlVo=",
        "owner": "NixOS",
        "repo": "nixpkgs",
        "rev": "f4a8d6d5324c327dcc2d863eb7f3cc06ad630df4",
        "type": "github"
      },
      "original": {
        "owner": "NixOS",
        "ref": "nixos-23.11",
        "repo": "nixpkgs",
        "type": "github"
      }
    }
  },
  "root": "root",
  "version": 7
}
