{
  "nodes": {
    "emacs-overlay": {
      "locked": {
        "lastModified": 1651207615,
        "narHash": "sha256-gHPpE7x4K8SBna8p8UfzQVnJMLFmKK7H+wpqp5kVPhU=",
        "owner": "nix-community",
        "repo": "emacs-overlay",
        "rev": "2d7a5e16c6af228c7f83977e19b7fe4050dc62a1",
        "type": "github"
      },
      "original": {
        "owner": "nix-community",
        "repo": "emacs-overlay",
        "type": "github"
      }
    },
    "ffmpeg-patch": {
      "flake": false,
      "locked": {
        "lastModified": 1644137548,
        "narHash": "sha256-ANyq+YmCnsOcoMUvaaYpPIEDr7pjXsjWUuH/s0hbUM0=",
        "owner": "yt-dlp",
        "repo": "FFmpeg-Builds",
        "rev": "d1b456152d2618cf9266ec5ca84ed8b110acb423",
        "type": "github"
      },
      "original": {
        "owner": "yt-dlp",
        "repo": "FFmpeg-Builds",
        "rev": "d1b456152d2618cf9266ec5ca84ed8b110acb423",
        "type": "github"
      }
    },
    "filter-tweets": {
      "flake": false,
      "locked": {
        "narHash": "sha256-IxvRUn3envdmfu1h2UfxKJvoFQXnhFy/YbkUSHn4Ehs=",
        "path": "/home/ian/filter-tweets",
        "type": "path"
      },
      "original": {
        "path": "/home/ian/filter-tweets",
        "type": "path"
      }
    },
    "home-manager": {
      "inputs": {
        "nixpkgs": "nixpkgs"
      },
      "locked": {
        "lastModified": 1651007218,
        "narHash": "sha256-NkQAMtqW0PSJTbLHalyZtaqj0ai2TZMOedug9yDIcFw=",
        "owner": "nix-community",
        "repo": "home-manager",
        "rev": "d14adb99f3fb562ec74ad18c032efc154b438034",
        "type": "github"
      },
      "original": {
        "owner": "nix-community",
        "ref": "release-21.11",
        "repo": "home-manager",
        "type": "github"
      }
    },
    "nixos-hardware": {
      "locked": {
        "lastModified": 1650522846,
        "narHash": "sha256-SxWHXRI3qJwswyXAtzsi6PKVY3KLNNnb072KaJthII8=",
        "owner": "NixOS",
        "repo": "nixos-hardware",
        "rev": "6b4ebea9093c997c5f275c820e679108de4871ab",
        "type": "github"
      },
      "original": {
        "owner": "NixOS",
        "ref": "master",
        "repo": "nixos-hardware",
        "type": "github"
      }
    },
    "nixpkgs": {
      "locked": {
        "lastModified": 1651024496,
        "narHash": "sha256-uKSrrw/neSkxX6TXPSaMyfu7iKzFrK7F6HOt6vQefGY=",
        "owner": "NixOS",
        "repo": "nixpkgs",
        "rev": "d9e593ed5889f3906dc72811c45bf684be8865cf",
        "type": "github"
      },
      "original": {
        "id": "nixpkgs",
        "type": "indirect"
      }
    },
    "nixpkgs_2": {
      "locked": {
        "lastModified": 1650921206,
        "narHash": "sha256-RGlfTC2ktqLVw0gBvZeCM//B4ig2CdQJm39sDvm0DBQ=",
        "owner": "NixOS",
        "repo": "nixpkgs",
        "rev": "3a9e0f239d80fa134e8fcbdee4dfc793902da37e",
        "type": "github"
      },
      "original": {
        "owner": "NixOS",
        "ref": "nixos-21.11",
        "repo": "nixpkgs",
        "type": "github"
      }
    },
    "otf2bdf": {
      "flake": false,
      "locked": {
        "lastModified": 1630961435,
        "narHash": "sha256-NGu/K3f5LTjiIcO9URYs41umbW9ONClXOY8HJbJW2Bc=",
        "owner": "thefloweringash",
        "repo": "kevin-nix",
        "rev": "fedcf821bca2ff4798e4436b1bc5813962bea8b5",
        "type": "github"
      },
      "original": {
        "owner": "thefloweringash",
        "repo": "kevin-nix",
        "type": "github"
      }
    },
    "root": {
      "inputs": {
        "emacs-overlay": "emacs-overlay",
        "ffmpeg-patch": "ffmpeg-patch",
        "filter-tweets": "filter-tweets",
        "home-manager": "home-manager",
        "nixos-hardware": "nixos-hardware",
        "nixpkgs": "nixpkgs_2",
        "otf2bdf": "otf2bdf",
        "tdlib": "tdlib",
        "unstable": "unstable",
        "unstable-small": "unstable-small"
      }
    },
    "tdlib": {
      "flake": false,
      "locked": {
        "lastModified": 1650927995,
        "narHash": "sha256-4b7pTALkw2BHZdeNvllp/+gaQROLHVPK6L7HQo0dHrg=",
        "owner": "tdlib",
        "repo": "td",
        "rev": "dc79b355706bb8bbd90865718561e52e74500e5c",
        "type": "github"
      },
      "original": {
        "owner": "tdlib",
        "repo": "td",
        "type": "github"
      }
    },
    "unstable": {
      "locked": {
        "lastModified": 1650920067,
        "narHash": "sha256-iV+7zkBZsHiy4epfcyoiW8lRXdjZXq6h8RfNcaua4Fc=",
        "owner": "NixOS",
        "repo": "nixpkgs",
        "rev": "6a323903ad07de6680169bb0423c5cea9db41d82",
        "type": "github"
      },
      "original": {
        "owner": "NixOS",
        "ref": "nixos-unstable",
        "repo": "nixpkgs",
        "type": "github"
      }
    },
    "unstable-small": {
      "locked": {
        "lastModified": 1651031716,
        "narHash": "sha256-muwdDKZ9uMPkeKa2EY0DxJub9nSa+3DZOSACBG+1VP4=",
        "owner": "NixOS",
        "repo": "nixpkgs",
        "rev": "d6b996030dd21c6509803267584b9aca3e133a07",
        "type": "github"
      },
      "original": {
        "owner": "NixOS",
        "ref": "nixos-unstable-small",
        "repo": "nixpkgs",
        "type": "github"
      }
    }
  },
  "root": "root",
  "version": 7
}
